// !$*UTF8*$!
{
	archiveVersion = 1;
	classes = {
	};
	objectVersion = 55;
	objects = {

/* Begin PBXBuildFile section */
		7B5F05E527EA570E00D6F47E /* AppDelegate.swift in Sources */ = {isa = PBXBuildFile; fileRef = 7B5F05E427EA570E00D6F47E /* AppDelegate.swift */; };
		7B5F05E727EA570E00D6F47E /* SceneDelegate.swift in Sources */ = {isa = PBXBuildFile; fileRef = 7B5F05E627EA570E00D6F47E /* SceneDelegate.swift */; };
		7B5F05E927EA570E00D6F47E /* ViewController.swift in Sources */ = {isa = PBXBuildFile; fileRef = 7B5F05E827EA570E00D6F47E /* ViewController.swift */; };
		7B5F05EC27EA570E00D6F47E /* Main.storyboard in Resources */ = {isa = PBXBuildFile; fileRef = 7B5F05EA27EA570E00D6F47E /* Main.storyboard */; };
		7B5F05EE27EA570F00D6F47E /* Assets.xcassets in Resources */ = {isa = PBXBuildFile; fileRef = 7B5F05ED27EA570F00D6F47E /* Assets.xcassets */; };
		7B5F05F127EA570F00D6F47E /* LaunchScreen.storyboard in Resources */ = {isa = PBXBuildFile; fileRef = 7B5F05EF27EA570F00D6F47E /* LaunchScreen.storyboard */; };
		7B5F05FC27EA570F00D6F47E /* DiscountMulVCTests.swift in Sources */ = {isa = PBXBuildFile; fileRef = 7B5F05FB27EA570F00D6F47E /* DiscountMulVCTests.swift */; };
		7B5F060627EA570F00D6F47E /* DiscountMulVCUITests.swift in Sources */ = {isa = PBXBuildFile; fileRef = 7B5F060527EA570F00D6F47E /* DiscountMulVCUITests.swift */; };
		7B5F060827EA570F00D6F47E /* DiscountMulVCUITestsLaunchTests.swift in Sources */ = {isa = PBXBuildFile; fileRef = 7B5F060727EA570F00D6F47E /* DiscountMulVCUITestsLaunchTests.swift */; };
		7B5F061527EA597B00D6F47E /* ResultViewController.swift in Sources */ = {isa = PBXBuildFile; fileRef = 7B5F061427EA597B00D6F47E /* ResultViewController.swift */; };
/* End PBXBuildFile section */

/* Begin PBXContainerItemProxy section */
		7B5F05F827EA570F00D6F47E /* PBXContainerItemProxy */ = {
			isa = PBXContainerItemProxy;
			containerPortal = 7B5F05D927EA570E00D6F47E /* Project object */;
			proxyType = 1;
			remoteGlobalIDString = 7B5F05E027EA570E00D6F47E;
			remoteInfo = DiscountMulVC;
		};
		7B5F060227EA570F00D6F47E /* PBXContainerItemProxy */ = {
			isa = PBXContainerItemProxy;
			containerPortal = 7B5F05D927EA570E00D6F47E /* Project object */;
			proxyType = 1;
			remoteGlobalIDString = 7B5F05E027EA570E00D6F47E;
			remoteInfo = DiscountMulVC;
		};
/* End PBXContainerItemProxy section */

/* Begin PBXFileReference section */
		7B5F05E127EA570E00D6F47E /* DiscountMulVC.app */ = {isa = PBXFileReference; explicitFileType = wrapper.application; includeInIndex = 0; path = DiscountMulVC.app; sourceTree = BUILT_PRODUCTS_DIR; };
		7B5F05E427EA570E00D6F47E /* AppDelegate.swift */ = {isa = PBXFileReference; lastKnownFileType = sourcecode.swift; path = AppDelegate.swift; sourceTree = "<group>"; };
		7B5F05E627EA570E00D6F47E /* SceneDelegate.swift */ = {isa = PBXFileReference; lastKnownFileType = sourcecode.swift; path = SceneDelegate.swift; sourceTree = "<group>"; };
		7B5F05E827EA570E00D6F47E /* ViewController.swift */ = {isa = PBXFileReference; lastKnownFileType = sourcecode.swift; path = ViewController.swift; sourceTree = "<group>"; };
		7B5F05EB27EA570E00D6F47E /* Base */ = {isa = PBXFileReference; lastKnownFileType = file.storyboard; name = Base; path = Base.lproj/Main.storyboard; sourceTree = "<group>"; };
		7B5F05ED27EA570F00D6F47E /* Assets.xcassets */ = {isa = PBXFileReference; lastKnownFileType = folder.assetcatalog; path = Assets.xcassets; sourceTree = "<group>"; };
		7B5F05F027EA570F00D6F47E /* Base */ = {isa = PBXFileReference; lastKnownFileType = file.storyboard; name = Base; path = Base.lproj/LaunchScreen.storyboard; sourceTree = "<group>"; };
		7B5F05F227EA570F00D6F47E /* Info.plist */ = {isa = PBXFileReference; lastKnownFileType = text.plist.xml; path = Info.plist; sourceTree = "<group>"; };
		7B5F05F727EA570F00D6F47E /* DiscountMulVCTests.xctest */ = {isa = PBXFileReference; explicitFileType = wrapper.cfbundle; includeInIndex = 0; path = DiscountMulVCTests.xctest; sourceTree = BUILT_PRODUCTS_DIR; };
		7B5F05FB27EA570F00D6F47E /* DiscountMulVCTests.swift */ = {isa = PBXFileReference; lastKnownFileType = sourcecode.swift; path = DiscountMulVCTests.swift; sourceTree = "<group>"; };
		7B5F060127EA570F00D6F47E /* DiscountMulVCUITests.xctest */ = {isa = PBXFileReference; explicitFileType = wrapper.cfbundle; includeInIndex = 0; path = DiscountMulVCUITests.xctest; sourceTree = BUILT_PRODUCTS_DIR; };
		7B5F060527EA570F00D6F47E /* DiscountMulVCUITests.swift */ = {isa = PBXFileReference; lastKnownFileType = sourcecode.swift; path = DiscountMulVCUITests.swift; sourceTree = "<group>"; };
		7B5F060727EA570F00D6F47E /* DiscountMulVCUITestsLaunchTests.swift */ = {isa = PBXFileReference; lastKnownFileType = sourcecode.swift; path = DiscountMulVCUITestsLaunchTests.swift; sourceTree = "<group>"; };
		7B5F061427EA597B00D6F47E /* ResultViewController.swift */ = {isa = PBXFileReference; lastKnownFileType = sourcecode.swift; path = ResultViewController.swift; sourceTree = "<group>"; };
/* End PBXFileReference section */

/* Begin PBXFrameworksBuildPhase section */
		7B5F05DE27EA570E00D6F47E /* Frameworks */ = {
			isa = PBXFrameworksBuildPhase;
			buildActionMask = 2147483647;
			files = (
			);
			runOnlyForDeploymentPostprocessing = 0;
		};
		7B5F05F427EA570F00D6F47E /* Frameworks */ = {
			isa = PBXFrameworksBuildPhase;
			buildActionMask = 2147483647;
			files = (
			);
			runOnlyForDeploymentPostprocessing = 0;
		};
		7B5F05FE27EA570F00D6F47E /* Frameworks */ = {
			isa = PBXFrameworksBuildPhase;
			buildActionMask = 2147483647;
			files = (
			);
			runOnlyForDeploymentPostprocessing = 0;
		};
/* End PBXFrameworksBuildPhase section */

/* Begin PBXGroup section */
		7B5F05D827EA570E00D6F47E = {
			isa = PBXGroup;
			children = (
				7B5F05E327EA570E00D6F47E /* DiscountMulVC */,
				7B5F05FA27EA570F00D6F47E /* DiscountMulVCTests */,
				7B5F060427EA570F00D6F47E /* DiscountMulVCUITests */,
				7B5F05E227EA570E00D6F47E /* Products */,
			);
			sourceTree = "<group>";
		};
		7B5F05E227EA570E00D6F47E /* Products */ = {
			isa = PBXGroup;
			children = (
				7B5F05E127EA570E00D6F47E /* DiscountMulVC.app */,
				7B5F05F727EA570F00D6F47E /* DiscountMulVCTests.xctest */,
				7B5F060127EA570F00D6F47E /* DiscountMulVCUITests.xctest */,
			);
			name = Products;
			sourceTree = "<group>";
		};
		7B5F05E327EA570E00D6F47E /* DiscountMulVC */ = {
			isa = PBXGroup;
			children = (
				7B5F05E427EA570E00D6F47E /* AppDelegate.swift */,
				7B5F05E627EA570E00D6F47E /* SceneDelegate.swift */,
				7B5F05E827EA570E00D6F47E /* ViewController.swift */,
				7B5F05EA27EA570E00D6F47E /* Main.storyboard */,
				7B5F05ED27EA570F00D6F47E /* Assets.xcassets */,
				7B5F05EF27EA570F00D6F47E /* LaunchScreen.storyboard */,
				7B5F05F227EA570F00D6F47E /* Info.plist */,
				7B5F061427EA597B00D6F47E /* ResultViewController.swift */,
			);
			path = DiscountMulVC;
			sourceTree = "<group>";
		};
		7B5F05FA27EA570F00D6F47E /* DiscountMulVCTests */ = {
			isa = PBXGroup;
			children = (
				7B5F05FB27EA570F00D6F47E /* DiscountMulVCTests.swift */,
			);
			path = DiscountMulVCTests;
			sourceTree = "<group>";
		};
		7B5F060427EA570F00D6F47E /* DiscountMulVCUITests */ = {
			isa = PBXGroup;
			children = (
				7B5F060527EA570F00D6F47E /* DiscountMulVCUITests.swift */,
				7B5F060727EA570F00D6F47E /* DiscountMulVCUITestsLaunchTests.swift */,
			);
			path = DiscountMulVCUITests;
			sourceTree = "<group>";
		};
/* End PBXGroup section */

/* Begin PBXNativeTarget section */
		7B5F05E027EA570E00D6F47E /* DiscountMulVC */ = {
			isa = PBXNativeTarget;
			buildConfigurationList = 7B5F060B27EA570F00D6F47E /* Build configuration list for PBXNativeTarget "DiscountMulVC" */;
			buildPhases = (
				7B5F05DD27EA570E00D6F47E /* Sources */,
				7B5F05DE27EA570E00D6F47E /* Frameworks */,
				7B5F05DF27EA570E00D6F47E /* Resources */,
			);
			buildRules = (
			);
			dependencies = (
			);
			name = DiscountMulVC;
			productName = DiscountMulVC;
			productReference = 7B5F05E127EA570E00D6F47E /* DiscountMulVC.app */;
			productType = "com.apple.product-type.application";
		};
		7B5F05F627EA570F00D6F47E /* DiscountMulVCTests */ = {
			isa = PBXNativeTarget;
			buildConfigurationList = 7B5F060E27EA570F00D6F47E /* Build configuration list for PBXNativeTarget "DiscountMulVCTests" */;
			buildPhases = (
				7B5F05F327EA570F00D6F47E /* Sources */,
				7B5F05F427EA570F00D6F47E /* Frameworks */,
				7B5F05F527EA570F00D6F47E /* Resources */,
			);
			buildRules = (
			);
			dependencies = (
				7B5F05F927EA570F00D6F47E /* PBXTargetDependency */,
			);
			name = DiscountMulVCTests;
			productName = DiscountMulVCTests;
			productReference = 7B5F05F727EA570F00D6F47E /* DiscountMulVCTests.xctest */;
			productType = "com.apple.product-type.bundle.unit-test";
		};
		7B5F060027EA570F00D6F47E /* DiscountMulVCUITests */ = {
			isa = PBXNativeTarget;
			buildConfigurationList = 7B5F061127EA570F00D6F47E /* Build configuration list for PBXNativeTarget "DiscountMulVCUITests" */;
			buildPhases = (
				7B5F05FD27EA570F00D6F47E /* Sources */,
				7B5F05FE27EA570F00D6F47E /* Frameworks */,
				7B5F05FF27EA570F00D6F47E /* Resources */,
			);
			buildRules = (
			);
			dependencies = (
				7B5F060327EA570F00D6F47E /* PBXTargetDependency */,
			);
			name = DiscountMulVCUITests;
			productName = DiscountMulVCUITests;
			productReference = 7B5F060127EA570F00D6F47E /* DiscountMulVCUITests.xctest */;
			productType = "com.apple.product-type.bundle.ui-testing";
		};
/* End PBXNativeTarget section */

/* Begin PBXProject section */
		7B5F05D927EA570E00D6F47E /* Project object */ = {
			isa = PBXProject;
			attributes = {
				BuildIndependentTargetsInParallel = 1;
				LastSwiftUpdateCheck = 1320;
				LastUpgradeCheck = 1320;
				TargetAttributes = {
					7B5F05E027EA570E00D6F47E = {
						CreatedOnToolsVersion = 13.2.1;
					};
					7B5F05F627EA570F00D6F47E = {
						CreatedOnToolsVersion = 13.2.1;
						TestTargetID = 7B5F05E027EA570E00D6F47E;
					};
					7B5F060027EA570F00D6F47E = {
						CreatedOnToolsVersion = 13.2.1;
						TestTargetID = 7B5F05E027EA570E00D6F47E;
					};
				};
			};
			buildConfigurationList = 7B5F05DC27EA570E00D6F47E /* Build configuration list for PBXProject "DiscountMulVC" */;
			compatibilityVersion = "Xcode 13.0";
			developmentRegion = en;
			hasScannedForEncodings = 0;
			knownRegions = (
				en,
				Base,
			);
			mainGroup = 7B5F05D827EA570E00D6F47E;
			productRefGroup = 7B5F05E227EA570E00D6F47E /* Products */;
			projectDirPath = "";
			projectRoot = "";
			targets = (
				7B5F05E027EA570E00D6F47E /* DiscountMulVC */,
				7B5F05F627EA570F00D6F47E /* DiscountMulVCTests */,
				7B5F060027EA570F00D6F47E /* DiscountMulVCUITests */,
			);
		};
/* End PBXProject section */

/* Begin PBXResourcesBuildPhase section */
		7B5F05DF27EA570E00D6F47E /* Resources */ = {
			isa = PBXResourcesBuildPhase;
			buildActionMask = 2147483647;
			files = (
				7B5F05F127EA570F00D6F47E /* LaunchScreen.storyboard in Resources */,
				7B5F05EE27EA570F00D6F47E /* Assets.xcassets in Resources */,
				7B5F05EC27EA570E00D6F47E /* Main.storyboard in Resources */,
			);
			runOnlyForDeploymentPostprocessing = 0;
		};
		7B5F05F527EA570F00D6F47E /* Resources */ = {
			isa = PBXResourcesBuildPhase;
			buildActionMask = 2147483647;
			files = (
			);
			runOnlyForDeploymentPostprocessing = 0;
		};
		7B5F05FF27EA570F00D6F47E /* Resources */ = {
			isa = PBXResourcesBuildPhase;
			buildActionMask = 2147483647;
			files = (
			);
			runOnlyForDeploymentPostprocessing = 0;
		};
/* End PBXResourcesBuildPhase section */

/* Begin PBXSourcesBuildPhase section */
		7B5F05DD27EA570E00D6F47E /* Sources */ = {
			isa = PBXSourcesBuildPhase;
			buildActionMask = 2147483647;
			files = (
				7B5F05E927EA570E00D6F47E /* ViewController.swift in Sources */,
				7B5F05E527EA570E00D6F47E /* AppDelegate.swift in Sources */,
				7B5F05E727EA570E00D6F47E /* SceneDelegate.swift in Sources */,
				7B5F061527EA597B00D6F47E /* ResultViewController.swift in Sources */,
			);
			runOnlyForDeploymentPostprocessing = 0;
		};
		7B5F05F327EA570F00D6F47E /* Sources */ = {
			isa = PBXSourcesBuildPhase;
			buildActionMask = 2147483647;
			files = (
				7B5F05FC27EA570F00D6F47E /* DiscountMulVCTests.swift in Sources */,
			);
			runOnlyForDeploymentPostprocessing = 0;
		};
		7B5F05FD27EA570F00D6F47E /* Sources */ = {
			isa = PBXSourcesBuildPhase;
			buildActionMask = 2147483647;
			files = (
				7B5F060627EA570F00D6F47E /* DiscountMulVCUITests.swift in Sources */,
				7B5F060827EA570F00D6F47E /* DiscountMulVCUITestsLaunchTests.swift in Sources */,
			);
			runOnlyForDeploymentPostprocessing = 0;
		};
/* End PBXSourcesBuildPhase section */

/* Begin PBXTargetDependency section */
		7B5F05F927EA570F00D6F47E /* PBXTargetDependency */ = {
			isa = PBXTargetDependency;
			target = 7B5F05E027EA570E00D6F47E /* DiscountMulVC */;
			targetProxy = 7B5F05F827EA570F00D6F47E /* PBXContainerItemProxy */;
		};
		7B5F060327EA570F00D6F47E /* PBXTargetDependency */ = {
			isa = PBXTargetDependency;
			target = 7B5F05E027EA570E00D6F47E /* DiscountMulVC */;
			targetProxy = 7B5F060227EA570F00D6F47E /* PBXContainerItemProxy */;
		};
/* End PBXTargetDependency section */

/* Begin PBXVariantGroup section */
		7B5F05EA27EA570E00D6F47E /* Main.storyboard */ = {
			isa = PBXVariantGroup;
			children = (
				7B5F05EB27EA570E00D6F47E /* Base */,
			);
			name = Main.storyboard;
			sourceTree = "<group>";
		};
		7B5F05EF27EA570F00D6F47E /* LaunchScreen.storyboard */ = {
			isa = PBXVariantGroup;
			children = (
				7B5F05F027EA570F00D6F47E /* Base */,
			);
			name = LaunchScreen.storyboard;
			sourceTree = "<group>";
		};
/* End PBXVariantGroup section */

/* Begin XCBuildConfiguration section */
		7B5F060927EA570F00D6F47E /* Debug */ = {
			isa = XCBuildConfiguration;
			buildSettings = {
				ALWAYS_SEARCH_USER_PATHS = NO;
				CLANG_ANALYZER_NONNULL = YES;
				CLANG_ANALYZER_NUMBER_OBJECT_CONVERSION = YES_AGGRESSIVE;
				CLANG_CXX_LANGUAGE_STANDARD = "gnu++17";
				CLANG_CXX_LIBRARY = "libc++";
				CLANG_ENABLE_MODULES = YES;
				CLANG_ENABLE_OBJC_ARC = YES;
				CLANG_ENABLE_OBJC_WEAK = YES;
				CLANG_WARN_BLOCK_CAPTURE_AUTORELEASING = YES;
				CLANG_WARN_BOOL_CONVERSION = YES;
				CLANG_WARN_COMMA = YES;
				CLANG_WARN_CONSTANT_CONVERSION = YES;
				CLANG_WARN_DEPRECATED_OBJC_IMPLEMENTATIONS = YES;
				CLANG_WARN_DIRECT_OBJC_ISA_USAGE = YES_ERROR;
				CLANG_WARN_DOCUMENTATION_COMMENTS = YES;
				CLANG_WARN_EMPTY_BODY = YES;
				CLANG_WARN_ENUM_CONVERSION = YES;
				CLANG_WARN_INFINITE_RECURSION = YES;
				CLANG_WARN_INT_CONVERSION = YES;
				CLANG_WARN_NON_LITERAL_NULL_CONVERSION = YES;
				CLANG_WARN_OBJC_IMPLICIT_RETAIN_SELF = YES;
				CLANG_WARN_OBJC_LITERAL_CONVERSION = YES;
				CLANG_WARN_OBJC_ROOT_CLASS = YES_ERROR;
				CLANG_WARN_QUOTED_INCLUDE_IN_FRAMEWORK_HEADER = YES;
				CLANG_WARN_RANGE_LOOP_ANALYSIS = YES;
				CLANG_WARN_STRICT_PROTOTYPES = YES;
				CLANG_WARN_SUSPICIOUS_MOVE = YES;
				CLANG_WARN_UNGUARDED_AVAILABILITY = YES_AGGRESSIVE;
				CLANG_WARN_UNREACHABLE_CODE = YES;
				CLANG_WARN__DUPLICATE_METHOD_MATCH = YES;
				COPY_PHASE_STRIP = NO;
				DEBUG_INFORMATION_FORMAT = dwarf;
				ENABLE_STRICT_OBJC_MSGSEND = YES;
				ENABLE_TESTABILITY = YES;
				GCC_C_LANGUAGE_STANDARD = gnu11;
				GCC_DYNAMIC_NO_PIC = NO;
				GCC_NO_COMMON_BLOCKS = YES;
				GCC_OPTIMIZATION_LEVEL = 0;
				GCC_PREPROCESSOR_DEFINITIONS = (
					"DEBUG=1",
					"$(inherited)",
				);
				GCC_WARN_64_TO_32_BIT_CONVERSION = YES;
				GCC_WARN_ABOUT_RETURN_TYPE = YES_ERROR;
				GCC_WARN_UNDECLARED_SELECTOR = YES;
				GCC_WARN_UNINITIALIZED_AUTOS = YES_AGGRESSIVE;
				GCC_WARN_UNUSED_FUNCTION = YES;
				GCC_WARN_UNUSED_VARIABLE = YES;
				IPHONEOS_DEPLOYMENT_TARGET = 15.2;
				MTL_ENABLE_DEBUG_INFO = INCLUDE_SOURCE;
				MTL_FAST_MATH = YES;
				ONLY_ACTIVE_ARCH = YES;
				SDKROOT = iphoneos;
				SWIFT_ACTIVE_COMPILATION_CONDITIONS = DEBUG;
				SWIFT_OPTIMIZATION_LEVEL = "-Onone";
			};
			name = Debug;
		};
		7B5F060A27EA570F00D6F47E /* Release */ = {
			isa = XCBuildConfiguration;
			buildSettings = {
				ALWAYS_SEARCH_USER_PATHS = NO;
				CLANG_ANALYZER_NONNULL = YES;
				CLANG_ANALYZER_NUMBER_OBJECT_CONVERSION = YES_AGGRESSIVE;
				CLANG_CXX_LANGUAGE_STANDARD = "gnu++17";
				CLANG_CXX_LIBRARY = "libc++";
				CLANG_ENABLE_MODULES = YES;
				CLANG_ENABLE_OBJC_ARC = YES;
				CLANG_ENABLE_OBJC_WEAK = YES;
				CLANG_WARN_BLOCK_CAPTURE_AUTORELEASING = YES;
				CLANG_WARN_BOOL_CONVERSION = YES;
				CLANG_WARN_COMMA = YES;
				CLANG_WARN_CONSTANT_CONVERSION = YES;
				CLANG_WARN_DEPRECATED_OBJC_IMPLEMENTATIONS = YES;
				CLANG_WARN_DIRECT_OBJC_ISA_USAGE = YES_ERROR;
				CLANG_WARN_DOCUMENTATION_COMMENTS = YES;
				CLANG_WARN_EMPTY_BODY = YES;
				CLANG_WARN_ENUM_CONVERSION = YES;
				CLANG_WARN_INFINITE_RECURSION = YES;
				CLANG_WARN_INT_CONVERSION = YES;
				CLANG_WARN_NON_LITERAL_NULL_CONVERSION = YES;
				CLANG_WARN_OBJC_IMPLICIT_RETAIN_SELF = YES;
				CLANG_WARN_OBJC_LITERAL_CONVERSION = YES;
				CLANG_WARN_OBJC_ROOT_CLASS = YES_ERROR;
				CLANG_WARN_QUOTED_INCLUDE_IN_FRAMEWORK_HEADER = YES;
				CLANG_WARN_RANGE_LOOP_ANALYSIS = YES;
				CLANG_WARN_STRICT_PROTOTYPES = YES;
				CLANG_WARN_SUSPICIOUS_MOVE = YES;
				CLANG_WARN_UNGUARDED_AVAILABILITY = YES_AGGRESSIVE;
				CLANG_WARN_UNREACHABLE_CODE = YES;
				CLANG_WARN__DUPLICATE_METHOD_MATCH = YES;
				COPY_PHASE_STRIP = NO;
				DEBUG_INFORMATION_FORMAT = "dwarf-with-dsym";
				ENABLE_NS_ASSERTIONS = NO;
				ENABLE_STRICT_OBJC_MSGSEND = YES;
				GCC_C_LANGUAGE_STANDARD = gnu11;
				GCC_NO_COMMON_BLOCKS = YES;
				GCC_WARN_64_TO_32_BIT_CONVERSION = YES;
				GCC_WARN_ABOUT_RETURN_TYPE = YES_ERROR;
				GCC_WARN_UNDECLARED_SELECTOR = YES;
				GCC_WARN_UNINITIALIZED_AUTOS = YES_AGGRESSIVE;
				GCC_WARN_UNUSED_FUNCTION = YES;
				GCC_WARN_UNUSED_VARIABLE = YES;
				IPHONEOS_DEPLOYMENT_TARGET = 15.2;
				MTL_ENABLE_DEBUG_INFO = NO;
				MTL_FAST_MATH = YES;
				SDKROOT = iphoneos;
				SWIFT_COMPILATION_MODE = wholemodule;
				SWIFT_OPTIMIZATION_LEVEL = "-O";
				VALIDATE_PRODUCT = YES;
			};
			name = Release;
		};
		7B5F060C27EA570F00D6F47E /* Debug */ = {
			isa = XCBuildConfiguration;
			buildSettings = {
				ASSETCATALOG_COMPILER_APPICON_NAME = AppIcon;
				ASSETCATALOG_COMPILER_GLOBAL_ACCENT_COLOR_NAME = AccentColor;
				CODE_SIGN_STYLE = Automatic;
				CURRENT_PROJECT_VERSION = 1;
				GENERATE_INFOPLIST_FILE = YES;
				INFOPLIST_FILE = DiscountMulVC/Info.plist;
				INFOPLIST_KEY_UIApplicationSupportsIndirectInputEvents = YES;
				INFOPLIST_KEY_UILaunchStoryboardName = LaunchScreen;
				INFOPLIST_KEY_UIMainStoryboardFile = Main;
				INFOPLIST_KEY_UISupportedInterfaceOrientations_iPad = "UIInterfaceOrientationPortrait UIInterfaceOrientationPortraitUpsideDown UIInterfaceOrientationLandscapeLeft UIInterfaceOrientationLandscapeRight";
				INFOPLIST_KEY_UISupportedInterfaceOrientations_iPhone = "UIInterfaceOrientationPortrait UIInterfaceOrientationLandscapeLeft UIInterfaceOrientationLandscapeRight";
				LD_RUNPATH_SEARCH_PATHS = (
					"$(inherited)",
					"@executable_path/Frameworks",
				);
				MARKETING_VERSION = 1.0;
				PRODUCT_BUNDLE_IDENTIFIER = nwmsu.DiscountMulVC;
				PRODUCT_NAME = "$(TARGET_NAME)";
				SWIFT_EMIT_LOC_STRINGS = YES;
				SWIFT_VERSION = 5.0;
				TARGETED_DEVICE_FAMILY = "1,2";
			};
			name = Debug;
		};
		7B5F060D27EA570F00D6F47E /* Release */ = {
			isa = XCBuildConfiguration;
			buildSettings = {
				ASSETCATALOG_COMPILER_APPICON_NAME = AppIcon;
				ASSETCATALOG_COMPILER_GLOBAL_ACCENT_COLOR_NAME = AccentColor;
				CODE_SIGN_STYLE = Automatic;
				CURRENT_PROJECT_VERSION = 1;
				GENERATE_INFOPLIST_FILE = YES;
				INFOPLIST_FILE = DiscountMulVC/Info.plist;
				INFOPLIST_KEY_UIApplicationSupportsIndirectInputEvents = YES;
				INFOPLIST_KEY_UILaunchStoryboardName = LaunchScreen;
				INFOPLIST_KEY_UIMainStoryboardFile = Main;
				INFOPLIST_KEY_UISupportedInterfaceOrientations_iPad = "UIInterfaceOrientationPortrait UIInterfaceOrientationPortraitUpsideDown UIInterfaceOrientationLandscapeLeft UIInterfaceOrientationLandscapeRight";
				INFOPLIST_KEY_UISupportedInterfaceOrientations_iPhone = "UIInterfaceOrientationPortrait UIInterfaceOrientationLandscapeLeft UIInterfaceOrientationLandscapeRight";
				LD_RUNPATH_SEARCH_PATHS = (
					"$(inherited)",
					"@executable_path/Frameworks",
				);
				MARKETING_VERSION = 1.0;
				PRODUCT_BUNDLE_IDENTIFIER = nwmsu.DiscountMulVC;
				PRODUCT_NAME = "$(TARGET_NAME)";
				SWIFT_EMIT_LOC_STRINGS = YES;
				SWIFT_VERSION = 5.0;
				TARGETED_DEVICE_FAMILY = "1,2";
			};
			name = Release;
		};
		7B5F060F27EA570F00D6F47E /* Debug */ = {
			isa = XCBuildConfiguration;
			buildSettings = {
				ALWAYS_EMBED_SWIFT_STANDARD_LIBRARIES = YES;
				BUNDLE_LOADER = "$(TEST_HOST)";
				CODE_SIGN_STYLE = Automatic;
				CURRENT_PROJECT_VERSION = 1;
				GENERATE_INFOPLIST_FILE = YES;
				IPHONEOS_DEPLOYMENT_TARGET = 15.2;
				MARKETING_VERSION = 1.0;
				PRODUCT_BUNDLE_IDENTIFIER = nwmsu.DiscountMulVCTests;
				PRODUCT_NAME = "$(TARGET_NAME)";
				SWIFT_EMIT_LOC_STRINGS = NO;
				SWIFT_VERSION = 5.0;
				TARGETED_DEVICE_FAMILY = "1,2";
				TEST_HOST = "$(BUILT_PRODUCTS_DIR)/DiscountMulVC.app/DiscountMulVC";
			};
			name = Debug;
		};
		7B5F061027EA570F00D6F47E /* Release */ = {
			isa = XCBuildConfiguration;
			buildSettings = {
				ALWAYS_EMBED_SWIFT_STANDARD_LIBRARIES = YES;
				BUNDLE_LOADER = "$(TEST_HOST)";
				CODE_SIGN_STYLE = Automatic;
				CURRENT_PROJECT_VERSION = 1;
				GENERATE_INFOPLIST_FILE = YES;
				IPHONEOS_DEPLOYMENT_TARGET = 15.2;
				MARKETING_VERSION = 1.0;
				PRODUCT_BUNDLE_IDENTIFIER = nwmsu.DiscountMulVCTests;
				PRODUCT_NAME = "$(TARGET_NAME)";
				SWIFT_EMIT_LOC_STRINGS = NO;
				SWIFT_VERSION = 5.0;
				TARGETED_DEVICE_FAMILY = "1,2";
				TEST_HOST = "$(BUILT_PRODUCTS_DIR)/DiscountMulVC.app/DiscountMulVC";
			};
			name = Release;
		};
		7B5F061227EA570F00D6F47E /* Debug */ = {
			isa = XCBuildConfiguration;
			buildSettings = {
				ALWAYS_EMBED_SWIFT_STANDARD_LIBRARIES = YES;
				CODE_SIGN_STYLE = Automatic;
				CURRENT_PROJECT_VERSION = 1;
				GENERATE_INFOPLIST_FILE = YES;
				MARKETING_VERSION = 1.0;
				PRODUCT_BUNDLE_IDENTIFIER = nwmsu.DiscountMulVCUITests;
				PRODUCT_NAME = "$(TARGET_NAME)";
				SWIFT_EMIT_LOC_STRINGS = NO;
				SWIFT_VERSION = 5.0;
				TARGETED_DEVICE_FAMILY = "1,2";
				TEST_TARGET_NAME = DiscountMulVC;
			};
			name = Debug;
		};
		7B5F061327EA570F00D6F47E /* Release */ = {
			isa = XCBuildConfiguration;
			buildSettings = {
				ALWAYS_EMBED_SWIFT_STANDARD_LIBRARIES = YES;
				CODE_SIGN_STYLE = Automatic;
				CURRENT_PROJECT_VERSION = 1;
				GENERATE_INFOPLIST_FILE = YES;
				MARKETING_VERSION = 1.0;
				PRODUCT_BUNDLE_IDENTIFIER = nwmsu.DiscountMulVCUITests;
				PRODUCT_NAME = "$(TARGET_NAME)";
				SWIFT_EMIT_LOC_STRINGS = NO;
				SWIFT_VERSION = 5.0;
				TARGETED_DEVICE_FAMILY = "1,2";
				TEST_TARGET_NAME = DiscountMulVC;
			};
			name = Release;
		};
/* End XCBuildConfiguration section */

/* Begin XCConfigurationList section */
		7B5F05DC27EA570E00D6F47E /* Build configuration list for PBXProject "DiscountMulVC" */ = {
			isa = XCConfigurationList;
			buildConfigurations = (
				7B5F060927EA570F00D6F47E /* Debug */,
				7B5F060A27EA570F00D6F47E /* Release */,
			);
			defaultConfigurationIsVisible = 0;
			defaultConfigurationName = Release;
		};
		7B5F060B27EA570F00D6F47E /* Build configuration list for PBXNativeTarget "DiscountMulVC" */ = {
			isa = XCConfigurationList;
			buildConfigurations = (
				7B5F060C27EA570F00D6F47E /* Debug */,
				7B5F060D27EA570F00D6F47E /* Release */,
			);
			defaultConfigurationIsVisible = 0;
			defaultConfigurationName = Release;
		};
		7B5F060E27EA570F00D6F47E /* Build configuration list for PBXNativeTarget "DiscountMulVCTests" */ = {
			isa = XCConfigurationList;
			buildConfigurations = (
				7B5F060F27EA570F00D6F47E /* Debug */,
				7B5F061027EA570F00D6F47E /* Release */,
			);
			defaultConfigurationIsVisible = 0;
			defaultConfigurationName = Release;
		};
		7B5F061127EA570F00D6F47E /* Build configuration list for PBXNativeTarget "DiscountMulVCUITests" */ = {
			isa = XCConfigurationList;
			buildConfigurations = (
				7B5F061227EA570F00D6F47E /* Debug */,
				7B5F061327EA570F00D6F47E /* Release */,
			);
			defaultConfigurationIsVisible = 0;
			defaultConfigurationName = Release;
		};
/* End XCConfigurationList section */
	};
	rootObject = 7B5F05D927EA570E00D6F47E /* Project object */;
}
