// !$*UTF8*$!
{
	archiveVersion = 1;
	classes = {
	};
	objectVersion = 55;
	objects = {

/* Begin PBXBuildFile section */
		7B9DCA85280608CC00EB401D /* AppDelegate.swift in Sources */ = {isa = PBXBuildFile; fileRef = 7B9DCA84280608CC00EB401D /* AppDelegate.swift */; };
		7B9DCA87280608CC00EB401D /* SceneDelegate.swift in Sources */ = {isa = PBXBuildFile; fileRef = 7B9DCA86280608CC00EB401D /* SceneDelegate.swift */; };
		7B9DCA89280608CC00EB401D /* ViewController.swift in Sources */ = {isa = PBXBuildFile; fileRef = 7B9DCA88280608CC00EB401D /* ViewController.swift */; };
		7B9DCA8C280608CC00EB401D /* Main.storyboard in Resources */ = {isa = PBXBuildFile; fileRef = 7B9DCA8A280608CC00EB401D /* Main.storyboard */; };
		7B9DCA8E280608CE00EB401D /* Assets.xcassets in Resources */ = {isa = PBXBuildFile; fileRef = 7B9DCA8D280608CE00EB401D /* Assets.xcassets */; };
		7B9DCA91280608CE00EB401D /* LaunchScreen.storyboard in Resources */ = {isa = PBXBuildFile; fileRef = 7B9DCA8F280608CE00EB401D /* LaunchScreen.storyboard */; };
		7B9DCA9C280608CE00EB401D /* CollectionViewDemoTests.swift in Sources */ = {isa = PBXBuildFile; fileRef = 7B9DCA9B280608CE00EB401D /* CollectionViewDemoTests.swift */; };
		7B9DCAA6280608CE00EB401D /* CollectionViewDemoUITests.swift in Sources */ = {isa = PBXBuildFile; fileRef = 7B9DCAA5280608CE00EB401D /* CollectionViewDemoUITests.swift */; };
		7B9DCAA8280608CE00EB401D /* CollectionViewDemoUITestsLaunchTests.swift in Sources */ = {isa = PBXBuildFile; fileRef = 7B9DCAA7280608CE00EB401D /* CollectionViewDemoUITestsLaunchTests.swift */; };
		7B9DCAB528060ED100EB401D /* movie.swift in Sources */ = {isa = PBXBuildFile; fileRef = 7B9DCAB428060ED100EB401D /* movie.swift */; };
		7B9DCAB728060F7D00EB401D /* MovieCollectionViewCell.swift in Sources */ = {isa = PBXBuildFile; fileRef = 7B9DCAB628060F7D00EB401D /* MovieCollectionViewCell.swift */; };
/* End PBXBuildFile section */

/* Begin PBXContainerItemProxy section */
		7B9DCA98280608CE00EB401D /* PBXContainerItemProxy */ = {
			isa = PBXContainerItemProxy;
			containerPortal = 7B9DCA79280608CC00EB401D /* Project object */;
			proxyType = 1;
			remoteGlobalIDString = 7B9DCA80280608CC00EB401D;
			remoteInfo = CollectionViewDemo;
		};
		7B9DCAA2280608CE00EB401D /* PBXContainerItemProxy */ = {
			isa = PBXContainerItemProxy;
			containerPortal = 7B9DCA79280608CC00EB401D /* Project object */;
			proxyType = 1;
			remoteGlobalIDString = 7B9DCA80280608CC00EB401D;
			remoteInfo = CollectionViewDemo;
		};
/* End PBXContainerItemProxy section */

/* Begin PBXFileReference section */
		7B9DCA81280608CC00EB401D /* CollectionViewDemo.app */ = {isa = PBXFileReference; explicitFileType = wrapper.application; includeInIndex = 0; path = CollectionViewDemo.app; sourceTree = BUILT_PRODUCTS_DIR; };
		7B9DCA84280608CC00EB401D /* AppDelegate.swift */ = {isa = PBXFileReference; lastKnownFileType = sourcecode.swift; path = AppDelegate.swift; sourceTree = "<group>"; };
		7B9DCA86280608CC00EB401D /* SceneDelegate.swift */ = {isa = PBXFileReference; lastKnownFileType = sourcecode.swift; path = SceneDelegate.swift; sourceTree = "<group>"; };
		7B9DCA88280608CC00EB401D /* ViewController.swift */ = {isa = PBXFileReference; lastKnownFileType = sourcecode.swift; path = ViewController.swift; sourceTree = "<group>"; };
		7B9DCA8B280608CC00EB401D /* Base */ = {isa = PBXFileReference; lastKnownFileType = file.storyboard; name = Base; path = Base.lproj/Main.storyboard; sourceTree = "<group>"; };
		7B9DCA8D280608CE00EB401D /* Assets.xcassets */ = {isa = PBXFileReference; lastKnownFileType = folder.assetcatalog; path = Assets.xcassets; sourceTree = "<group>"; };
		7B9DCA90280608CE00EB401D /* Base */ = {isa = PBXFileReference; lastKnownFileType = file.storyboard; name = Base; path = Base.lproj/LaunchScreen.storyboard; sourceTree = "<group>"; };
		7B9DCA92280608CE00EB401D /* Info.plist */ = {isa = PBXFileReference; lastKnownFileType = text.plist.xml; path = Info.plist; sourceTree = "<group>"; };
		7B9DCA97280608CE00EB401D /* CollectionViewDemoTests.xctest */ = {isa = PBXFileReference; explicitFileType = wrapper.cfbundle; includeInIndex = 0; path = CollectionViewDemoTests.xctest; sourceTree = BUILT_PRODUCTS_DIR; };
		7B9DCA9B280608CE00EB401D /* CollectionViewDemoTests.swift */ = {isa = PBXFileReference; lastKnownFileType = sourcecode.swift; path = CollectionViewDemoTests.swift; sourceTree = "<group>"; };
		7B9DCAA1280608CE00EB401D /* CollectionViewDemoUITests.xctest */ = {isa = PBXFileReference; explicitFileType = wrapper.cfbundle; includeInIndex = 0; path = CollectionViewDemoUITests.xctest; sourceTree = BUILT_PRODUCTS_DIR; };
		7B9DCAA5280608CE00EB401D /* CollectionViewDemoUITests.swift */ = {isa = PBXFileReference; lastKnownFileType = sourcecode.swift; path = CollectionViewDemoUITests.swift; sourceTree = "<group>"; };
		7B9DCAA7280608CE00EB401D /* CollectionViewDemoUITestsLaunchTests.swift */ = {isa = PBXFileReference; lastKnownFileType = sourcecode.swift; path = CollectionViewDemoUITestsLaunchTests.swift; sourceTree = "<group>"; };
		7B9DCAB428060ED100EB401D /* movie.swift */ = {isa = PBXFileReference; lastKnownFileType = sourcecode.swift; path = movie.swift; sourceTree = "<group>"; };
		7B9DCAB628060F7D00EB401D /* MovieCollectionViewCell.swift */ = {isa = PBXFileReference; lastKnownFileType = sourcecode.swift; path = MovieCollectionViewCell.swift; sourceTree = "<group>"; };
/* End PBXFileReference section */

/* Begin PBXFrameworksBuildPhase section */
		7B9DCA7E280608CC00EB401D /* Frameworks */ = {
			isa = PBXFrameworksBuildPhase;
			buildActionMask = 2147483647;
			files = (
			);
			runOnlyForDeploymentPostprocessing = 0;
		};
		7B9DCA94280608CE00EB401D /* Frameworks */ = {
			isa = PBXFrameworksBuildPhase;
			buildActionMask = 2147483647;
			files = (
			);
			runOnlyForDeploymentPostprocessing = 0;
		};
		7B9DCA9E280608CE00EB401D /* Frameworks */ = {
			isa = PBXFrameworksBuildPhase;
			buildActionMask = 2147483647;
			files = (
			);
			runOnlyForDeploymentPostprocessing = 0;
		};
/* End PBXFrameworksBuildPhase section */

/* Begin PBXGroup section */
		7B9DCA78280608CC00EB401D = {
			isa = PBXGroup;
			children = (
				7B9DCA83280608CC00EB401D /* CollectionViewDemo */,
				7B9DCA9A280608CE00EB401D /* CollectionViewDemoTests */,
				7B9DCAA4280608CE00EB401D /* CollectionViewDemoUITests */,
				7B9DCA82280608CC00EB401D /* Products */,
			);
			sourceTree = "<group>";
		};
		7B9DCA82280608CC00EB401D /* Products */ = {
			isa = PBXGroup;
			children = (
				7B9DCA81280608CC00EB401D /* CollectionViewDemo.app */,
				7B9DCA97280608CE00EB401D /* CollectionViewDemoTests.xctest */,
				7B9DCAA1280608CE00EB401D /* CollectionViewDemoUITests.xctest */,
			);
			name = Products;
			sourceTree = "<group>";
		};
		7B9DCA83280608CC00EB401D /* CollectionViewDemo */ = {
			isa = PBXGroup;
			children = (
				7B9DCA84280608CC00EB401D /* AppDelegate.swift */,
				7B9DCA86280608CC00EB401D /* SceneDelegate.swift */,
				7B9DCA88280608CC00EB401D /* ViewController.swift */,
				7B9DCA8A280608CC00EB401D /* Main.storyboard */,
				7B9DCA8D280608CE00EB401D /* Assets.xcassets */,
				7B9DCA8F280608CE00EB401D /* LaunchScreen.storyboard */,
				7B9DCA92280608CE00EB401D /* Info.plist */,
				7B9DCAB428060ED100EB401D /* movie.swift */,
				7B9DCAB628060F7D00EB401D /* MovieCollectionViewCell.swift */,
			);
			path = CollectionViewDemo;
			sourceTree = "<group>";
		};
		7B9DCA9A280608CE00EB401D /* CollectionViewDemoTests */ = {
			isa = PBXGroup;
			children = (
				7B9DCA9B280608CE00EB401D /* CollectionViewDemoTests.swift */,
			);
			path = CollectionViewDemoTests;
			sourceTree = "<group>";
		};
		7B9DCAA4280608CE00EB401D /* CollectionViewDemoUITests */ = {
			isa = PBXGroup;
			children = (
				7B9DCAA5280608CE00EB401D /* CollectionViewDemoUITests.swift */,
				7B9DCAA7280608CE00EB401D /* CollectionViewDemoUITestsLaunchTests.swift */,
			);
			path = CollectionViewDemoUITests;
			sourceTree = "<group>";
		};
/* End PBXGroup section */

/* Begin PBXNativeTarget section */
		7B9DCA80280608CC00EB401D /* CollectionViewDemo */ = {
			isa = PBXNativeTarget;
			buildConfigurationList = 7B9DCAAB280608CE00EB401D /* Build configuration list for PBXNativeTarget "CollectionViewDemo" */;
			buildPhases = (
				7B9DCA7D280608CC00EB401D /* Sources */,
				7B9DCA7E280608CC00EB401D /* Frameworks */,
				7B9DCA7F280608CC00EB401D /* Resources */,
			);
			buildRules = (
			);
			dependencies = (
			);
			name = CollectionViewDemo;
			productName = CollectionViewDemo;
			productReference = 7B9DCA81280608CC00EB401D /* CollectionViewDemo.app */;
			productType = "com.apple.product-type.application";
		};
		7B9DCA96280608CE00EB401D /* CollectionViewDemoTests */ = {
			isa = PBXNativeTarget;
			buildConfigurationList = 7B9DCAAE280608CE00EB401D /* Build configuration list for PBXNativeTarget "CollectionViewDemoTests" */;
			buildPhases = (
				7B9DCA93280608CE00EB401D /* Sources */,
				7B9DCA94280608CE00EB401D /* Frameworks */,
				7B9DCA95280608CE00EB401D /* Resources */,
			);
			buildRules = (
			);
			dependencies = (
				7B9DCA99280608CE00EB401D /* PBXTargetDependency */,
			);
			name = CollectionViewDemoTests;
			productName = CollectionViewDemoTests;
			productReference = 7B9DCA97280608CE00EB401D /* CollectionViewDemoTests.xctest */;
			productType = "com.apple.product-type.bundle.unit-test";
		};
		7B9DCAA0280608CE00EB401D /* CollectionViewDemoUITests */ = {
			isa = PBXNativeTarget;
			buildConfigurationList = 7B9DCAB1280608CE00EB401D /* Build configuration list for PBXNativeTarget "CollectionViewDemoUITests" */;
			buildPhases = (
				7B9DCA9D280608CE00EB401D /* Sources */,
				7B9DCA9E280608CE00EB401D /* Frameworks */,
				7B9DCA9F280608CE00EB401D /* Resources */,
			);
			buildRules = (
			);
			dependencies = (
				7B9DCAA3280608CE00EB401D /* PBXTargetDependency */,
			);
			name = CollectionViewDemoUITests;
			productName = CollectionViewDemoUITests;
			productReference = 7B9DCAA1280608CE00EB401D /* CollectionViewDemoUITests.xctest */;
			productType = "com.apple.product-type.bundle.ui-testing";
		};
/* End PBXNativeTarget section */

/* Begin PBXProject section */
		7B9DCA79280608CC00EB401D /* Project object */ = {
			isa = PBXProject;
			attributes = {
				BuildIndependentTargetsInParallel = 1;
				LastSwiftUpdateCheck = 1320;
				LastUpgradeCheck = 1320;
				TargetAttributes = {
					7B9DCA80280608CC00EB401D = {
						CreatedOnToolsVersion = 13.2.1;
					};
					7B9DCA96280608CE00EB401D = {
						CreatedOnToolsVersion = 13.2.1;
						TestTargetID = 7B9DCA80280608CC00EB401D;
					};
					7B9DCAA0280608CE00EB401D = {
						CreatedOnToolsVersion = 13.2.1;
						TestTargetID = 7B9DCA80280608CC00EB401D;
					};
				};
			};
			buildConfigurationList = 7B9DCA7C280608CC00EB401D /* Build configuration list for PBXProject "CollectionViewDemo" */;
			compatibilityVersion = "Xcode 13.0";
			developmentRegion = en;
			hasScannedForEncodings = 0;
			knownRegions = (
				en,
				Base,
			);
			mainGroup = 7B9DCA78280608CC00EB401D;
			productRefGroup = 7B9DCA82280608CC00EB401D /* Products */;
			projectDirPath = "";
			projectRoot = "";
			targets = (
				7B9DCA80280608CC00EB401D /* CollectionViewDemo */,
				7B9DCA96280608CE00EB401D /* CollectionViewDemoTests */,
				7B9DCAA0280608CE00EB401D /* CollectionViewDemoUITests */,
			);
		};
/* End PBXProject section */

/* Begin PBXResourcesBuildPhase section */
		7B9DCA7F280608CC00EB401D /* Resources */ = {
			isa = PBXResourcesBuildPhase;
			buildActionMask = 2147483647;
			files = (
				7B9DCA91280608CE00EB401D /* LaunchScreen.storyboard in Resources */,
				7B9DCA8E280608CE00EB401D /* Assets.xcassets in Resources */,
				7B9DCA8C280608CC00EB401D /* Main.storyboard in Resources */,
			);
			runOnlyForDeploymentPostprocessing = 0;
		};
		7B9DCA95280608CE00EB401D /* Resources */ = {
			isa = PBXResourcesBuildPhase;
			buildActionMask = 2147483647;
			files = (
			);
			runOnlyForDeploymentPostprocessing = 0;
		};
		7B9DCA9F280608CE00EB401D /* Resources */ = {
			isa = PBXResourcesBuildPhase;
			buildActionMask = 2147483647;
			files = (
			);
			runOnlyForDeploymentPostprocessing = 0;
		};
/* End PBXResourcesBuildPhase section */

/* Begin PBXSourcesBuildPhase section */
		7B9DCA7D280608CC00EB401D /* Sources */ = {
			isa = PBXSourcesBuildPhase;
			buildActionMask = 2147483647;
			files = (
				7B9DCA89280608CC00EB401D /* ViewController.swift in Sources */,
				7B9DCA85280608CC00EB401D /* AppDelegate.swift in Sources */,
				7B9DCAB728060F7D00EB401D /* MovieCollectionViewCell.swift in Sources */,
				7B9DCAB528060ED100EB401D /* movie.swift in Sources */,
				7B9DCA87280608CC00EB401D /* SceneDelegate.swift in Sources */,
			);
			runOnlyForDeploymentPostprocessing = 0;
		};
		7B9DCA93280608CE00EB401D /* Sources */ = {
			isa = PBXSourcesBuildPhase;
			buildActionMask = 2147483647;
			files = (
				7B9DCA9C280608CE00EB401D /* CollectionViewDemoTests.swift in Sources */,
			);
			runOnlyForDeploymentPostprocessing = 0;
		};
		7B9DCA9D280608CE00EB401D /* Sources */ = {
			isa = PBXSourcesBuildPhase;
			buildActionMask = 2147483647;
			files = (
				7B9DCAA8280608CE00EB401D /* CollectionViewDemoUITestsLaunchTests.swift in Sources */,
				7B9DCAA6280608CE00EB401D /* CollectionViewDemoUITests.swift in Sources */,
			);
			runOnlyForDeploymentPostprocessing = 0;
		};
/* End PBXSourcesBuildPhase section */

/* Begin PBXTargetDependency section */
		7B9DCA99280608CE00EB401D /* PBXTargetDependency */ = {
			isa = PBXTargetDependency;
			target = 7B9DCA80280608CC00EB401D /* CollectionViewDemo */;
			targetProxy = 7B9DCA98280608CE00EB401D /* PBXContainerItemProxy */;
		};
		7B9DCAA3280608CE00EB401D /* PBXTargetDependency */ = {
			isa = PBXTargetDependency;
			target = 7B9DCA80280608CC00EB401D /* CollectionViewDemo */;
			targetProxy = 7B9DCAA2280608CE00EB401D /* PBXContainerItemProxy */;
		};
/* End PBXTargetDependency section */

/* Begin PBXVariantGroup section */
		7B9DCA8A280608CC00EB401D /* Main.storyboard */ = {
			isa = PBXVariantGroup;
			children = (
				7B9DCA8B280608CC00EB401D /* Base */,
			);
			name = Main.storyboard;
			sourceTree = "<group>";
		};
		7B9DCA8F280608CE00EB401D /* LaunchScreen.storyboard */ = {
			isa = PBXVariantGroup;
			children = (
				7B9DCA90280608CE00EB401D /* Base */,
			);
			name = LaunchScreen.storyboard;
			sourceTree = "<group>";
		};
/* End PBXVariantGroup section */

/* Begin XCBuildConfiguration section */
		7B9DCAA9280608CE00EB401D /* Debug */ = {
			isa = XCBuildConfiguration;
			buildSettings = {
				ALWAYS_SEARCH_USER_PATHS = NO;
				CLANG_ANALYZER_NONNULL = YES;
				CLANG_ANALYZER_NUMBER_OBJECT_CONVERSION = YES_AGGRESSIVE;
				CLANG_CXX_LANGUAGE_STANDARD = "gnu++17";
				CLANG_CXX_LIBRARY = "libc++";
				CLANG_ENABLE_MODULES = YES;
				CLANG_ENABLE_OBJC_ARC = YES;
				CLANG_ENABLE_OBJC_WEAK = YES;
				CLANG_WARN_BLOCK_CAPTURE_AUTORELEASING = YES;
				CLANG_WARN_BOOL_CONVERSION = YES;
				CLANG_WARN_COMMA = YES;
				CLANG_WARN_CONSTANT_CONVERSION = YES;
				CLANG_WARN_DEPRECATED_OBJC_IMPLEMENTATIONS = YES;
				CLANG_WARN_DIRECT_OBJC_ISA_USAGE = YES_ERROR;
				CLANG_WARN_DOCUMENTATION_COMMENTS = YES;
				CLANG_WARN_EMPTY_BODY = YES;
				CLANG_WARN_ENUM_CONVERSION = YES;
				CLANG_WARN_INFINITE_RECURSION = YES;
				CLANG_WARN_INT_CONVERSION = YES;
				CLANG_WARN_NON_LITERAL_NULL_CONVERSION = YES;
				CLANG_WARN_OBJC_IMPLICIT_RETAIN_SELF = YES;
				CLANG_WARN_OBJC_LITERAL_CONVERSION = YES;
				CLANG_WARN_OBJC_ROOT_CLASS = YES_ERROR;
				CLANG_WARN_QUOTED_INCLUDE_IN_FRAMEWORK_HEADER = YES;
				CLANG_WARN_RANGE_LOOP_ANALYSIS = YES;
				CLANG_WARN_STRICT_PROTOTYPES = YES;
				CLANG_WARN_SUSPICIOUS_MOVE = YES;
				CLANG_WARN_UNGUARDED_AVAILABILITY = YES_AGGRESSIVE;
				CLANG_WARN_UNREACHABLE_CODE = YES;
				CLANG_WARN__DUPLICATE_METHOD_MATCH = YES;
				COPY_PHASE_STRIP = NO;
				DEBUG_INFORMATION_FORMAT = dwarf;
				ENABLE_STRICT_OBJC_MSGSEND = YES;
				ENABLE_TESTABILITY = YES;
				GCC_C_LANGUAGE_STANDARD = gnu11;
				GCC_DYNAMIC_NO_PIC = NO;
				GCC_NO_COMMON_BLOCKS = YES;
				GCC_OPTIMIZATION_LEVEL = 0;
				GCC_PREPROCESSOR_DEFINITIONS = (
					"DEBUG=1",
					"$(inherited)",
				);
				GCC_WARN_64_TO_32_BIT_CONVERSION = YES;
				GCC_WARN_ABOUT_RETURN_TYPE = YES_ERROR;
				GCC_WARN_UNDECLARED_SELECTOR = YES;
				GCC_WARN_UNINITIALIZED_AUTOS = YES_AGGRESSIVE;
				GCC_WARN_UNUSED_FUNCTION = YES;
				GCC_WARN_UNUSED_VARIABLE = YES;
				IPHONEOS_DEPLOYMENT_TARGET = 15.2;
				MTL_ENABLE_DEBUG_INFO = INCLUDE_SOURCE;
				MTL_FAST_MATH = YES;
				ONLY_ACTIVE_ARCH = YES;
				SDKROOT = iphoneos;
				SWIFT_ACTIVE_COMPILATION_CONDITIONS = DEBUG;
				SWIFT_OPTIMIZATION_LEVEL = "-Onone";
			};
			name = Debug;
		};
		7B9DCAAA280608CE00EB401D /* Release */ = {
			isa = XCBuildConfiguration;
			buildSettings = {
				ALWAYS_SEARCH_USER_PATHS = NO;
				CLANG_ANALYZER_NONNULL = YES;
				CLANG_ANALYZER_NUMBER_OBJECT_CONVERSION = YES_AGGRESSIVE;
				CLANG_CXX_LANGUAGE_STANDARD = "gnu++17";
				CLANG_CXX_LIBRARY = "libc++";
				CLANG_ENABLE_MODULES = YES;
				CLANG_ENABLE_OBJC_ARC = YES;
				CLANG_ENABLE_OBJC_WEAK = YES;
				CLANG_WARN_BLOCK_CAPTURE_AUTORELEASING = YES;
				CLANG_WARN_BOOL_CONVERSION = YES;
				CLANG_WARN_COMMA = YES;
				CLANG_WARN_CONSTANT_CONVERSION = YES;
				CLANG_WARN_DEPRECATED_OBJC_IMPLEMENTATIONS = YES;
				CLANG_WARN_DIRECT_OBJC_ISA_USAGE = YES_ERROR;
				CLANG_WARN_DOCUMENTATION_COMMENTS = YES;
				CLANG_WARN_EMPTY_BODY = YES;
				CLANG_WARN_ENUM_CONVERSION = YES;
				CLANG_WARN_INFINITE_RECURSION = YES;
				CLANG_WARN_INT_CONVERSION = YES;
				CLANG_WARN_NON_LITERAL_NULL_CONVERSION = YES;
				CLANG_WARN_OBJC_IMPLICIT_RETAIN_SELF = YES;
				CLANG_WARN_OBJC_LITERAL_CONVERSION = YES;
				CLANG_WARN_OBJC_ROOT_CLASS = YES_ERROR;
				CLANG_WARN_QUOTED_INCLUDE_IN_FRAMEWORK_HEADER = YES;
				CLANG_WARN_RANGE_LOOP_ANALYSIS = YES;
				CLANG_WARN_STRICT_PROTOTYPES = YES;
				CLANG_WARN_SUSPICIOUS_MOVE = YES;
				CLANG_WARN_UNGUARDED_AVAILABILITY = YES_AGGRESSIVE;
				CLANG_WARN_UNREACHABLE_CODE = YES;
				CLANG_WARN__DUPLICATE_METHOD_MATCH = YES;
				COPY_PHASE_STRIP = NO;
				DEBUG_INFORMATION_FORMAT = "dwarf-with-dsym";
				ENABLE_NS_ASSERTIONS = NO;
				ENABLE_STRICT_OBJC_MSGSEND = YES;
				GCC_C_LANGUAGE_STANDARD = gnu11;
				GCC_NO_COMMON_BLOCKS = YES;
				GCC_WARN_64_TO_32_BIT_CONVERSION = YES;
				GCC_WARN_ABOUT_RETURN_TYPE = YES_ERROR;
				GCC_WARN_UNDECLARED_SELECTOR = YES;
				GCC_WARN_UNINITIALIZED_AUTOS = YES_AGGRESSIVE;
				GCC_WARN_UNUSED_FUNCTION = YES;
				GCC_WARN_UNUSED_VARIABLE = YES;
				IPHONEOS_DEPLOYMENT_TARGET = 15.2;
				MTL_ENABLE_DEBUG_INFO = NO;
				MTL_FAST_MATH = YES;
				SDKROOT = iphoneos;
				SWIFT_COMPILATION_MODE = wholemodule;
				SWIFT_OPTIMIZATION_LEVEL = "-O";
				VALIDATE_PRODUCT = YES;
			};
			name = Release;
		};
		7B9DCAAC280608CE00EB401D /* Debug */ = {
			isa = XCBuildConfiguration;
			buildSettings = {
				ASSETCATALOG_COMPILER_APPICON_NAME = AppIcon;
				ASSETCATALOG_COMPILER_GLOBAL_ACCENT_COLOR_NAME = AccentColor;
				CODE_SIGN_STYLE = Automatic;
				CURRENT_PROJECT_VERSION = 1;
				GENERATE_INFOPLIST_FILE = YES;
				INFOPLIST_FILE = CollectionViewDemo/Info.plist;
				INFOPLIST_KEY_CFBundleDisplayName = CollectionViewDemo;
				INFOPLIST_KEY_UIApplicationSupportsIndirectInputEvents = YES;
				INFOPLIST_KEY_UILaunchStoryboardName = LaunchScreen;
				INFOPLIST_KEY_UIMainStoryboardFile = Main;
				INFOPLIST_KEY_UISupportedInterfaceOrientations_iPad = "UIInterfaceOrientationPortrait UIInterfaceOrientationPortraitUpsideDown UIInterfaceOrientationLandscapeLeft UIInterfaceOrientationLandscapeRight";
				INFOPLIST_KEY_UISupportedInterfaceOrientations_iPhone = "UIInterfaceOrientationPortrait UIInterfaceOrientationLandscapeLeft UIInterfaceOrientationLandscapeRight";
				LD_RUNPATH_SEARCH_PATHS = (
					"$(inherited)",
					"@executable_path/Frameworks",
				);
				MARKETING_VERSION = 1.0;
				PRODUCT_BUNDLE_IDENTIFIER = nwmsu.CollectionViewDemo;
				PRODUCT_NAME = "$(TARGET_NAME)";
				SWIFT_EMIT_LOC_STRINGS = YES;
				SWIFT_VERSION = 5.0;
				TARGETED_DEVICE_FAMILY = "1,2";
			};
			name = Debug;
		};
		7B9DCAAD280608CE00EB401D /* Release */ = {
			isa = XCBuildConfiguration;
			buildSettings = {
				ASSETCATALOG_COMPILER_APPICON_NAME = AppIcon;
				ASSETCATALOG_COMPILER_GLOBAL_ACCENT_COLOR_NAME = AccentColor;
				CODE_SIGN_STYLE = Automatic;
				CURRENT_PROJECT_VERSION = 1;
				GENERATE_INFOPLIST_FILE = YES;
				INFOPLIST_FILE = CollectionViewDemo/Info.plist;
				INFOPLIST_KEY_CFBundleDisplayName = CollectionViewDemo;
				INFOPLIST_KEY_UIApplicationSupportsIndirectInputEvents = YES;
				INFOPLIST_KEY_UILaunchStoryboardName = LaunchScreen;
				INFOPLIST_KEY_UIMainStoryboardFile = Main;
				INFOPLIST_KEY_UISupportedInterfaceOrientations_iPad = "UIInterfaceOrientationPortrait UIInterfaceOrientationPortraitUpsideDown UIInterfaceOrientationLandscapeLeft UIInterfaceOrientationLandscapeRight";
				INFOPLIST_KEY_UISupportedInterfaceOrientations_iPhone = "UIInterfaceOrientationPortrait UIInterfaceOrientationLandscapeLeft UIInterfaceOrientationLandscapeRight";
				LD_RUNPATH_SEARCH_PATHS = (
					"$(inherited)",
					"@executable_path/Frameworks",
				);
				MARKETING_VERSION = 1.0;
				PRODUCT_BUNDLE_IDENTIFIER = nwmsu.CollectionViewDemo;
				PRODUCT_NAME = "$(TARGET_NAME)";
				SWIFT_EMIT_LOC_STRINGS = YES;
				SWIFT_VERSION = 5.0;
				TARGETED_DEVICE_FAMILY = "1,2";
			};
			name = Release;
		};
		7B9DCAAF280608CE00EB401D /* Debug */ = {
			isa = XCBuildConfiguration;
			buildSettings = {
				ALWAYS_EMBED_SWIFT_STANDARD_LIBRARIES = YES;
				BUNDLE_LOADER = "$(TEST_HOST)";
				CODE_SIGN_STYLE = Automatic;
				CURRENT_PROJECT_VERSION = 1;
				GENERATE_INFOPLIST_FILE = YES;
				IPHONEOS_DEPLOYMENT_TARGET = 15.2;
				MARKETING_VERSION = 1.0;
				PRODUCT_BUNDLE_IDENTIFIER = nwmsu.CollectionViewDemoTests;
				PRODUCT_NAME = "$(TARGET_NAME)";
				SWIFT_EMIT_LOC_STRINGS = NO;
				SWIFT_VERSION = 5.0;
				TARGETED_DEVICE_FAMILY = "1,2";
				TEST_HOST = "$(BUILT_PRODUCTS_DIR)/CollectionViewDemo.app/CollectionViewDemo";
			};
			name = Debug;
		};
		7B9DCAB0280608CE00EB401D /* Release */ = {
			isa = XCBuildConfiguration;
			buildSettings = {
				ALWAYS_EMBED_SWIFT_STANDARD_LIBRARIES = YES;
				BUNDLE_LOADER = "$(TEST_HOST)";
				CODE_SIGN_STYLE = Automatic;
				CURRENT_PROJECT_VERSION = 1;
				GENERATE_INFOPLIST_FILE = YES;
				IPHONEOS_DEPLOYMENT_TARGET = 15.2;
				MARKETING_VERSION = 1.0;
				PRODUCT_BUNDLE_IDENTIFIER = nwmsu.CollectionViewDemoTests;
				PRODUCT_NAME = "$(TARGET_NAME)";
				SWIFT_EMIT_LOC_STRINGS = NO;
				SWIFT_VERSION = 5.0;
				TARGETED_DEVICE_FAMILY = "1,2";
				TEST_HOST = "$(BUILT_PRODUCTS_DIR)/CollectionViewDemo.app/CollectionViewDemo";
			};
			name = Release;
		};
		7B9DCAB2280608CE00EB401D /* Debug */ = {
			isa = XCBuildConfiguration;
			buildSettings = {
				ALWAYS_EMBED_SWIFT_STANDARD_LIBRARIES = YES;
				CODE_SIGN_STYLE = Automatic;
				CURRENT_PROJECT_VERSION = 1;
				GENERATE_INFOPLIST_FILE = YES;
				MARKETING_VERSION = 1.0;
				PRODUCT_BUNDLE_IDENTIFIER = nwmsu.CollectionViewDemoUITests;
				PRODUCT_NAME = "$(TARGET_NAME)";
				SWIFT_EMIT_LOC_STRINGS = NO;
				SWIFT_VERSION = 5.0;
				TARGETED_DEVICE_FAMILY = "1,2";
				TEST_TARGET_NAME = CollectionViewDemo;
			};
			name = Debug;
		};
		7B9DCAB3280608CE00EB401D /* Release */ = {
			isa = XCBuildConfiguration;
			buildSettings = {
				ALWAYS_EMBED_SWIFT_STANDARD_LIBRARIES = YES;
				CODE_SIGN_STYLE = Automatic;
				CURRENT_PROJECT_VERSION = 1;
				GENERATE_INFOPLIST_FILE = YES;
				MARKETING_VERSION = 1.0;
				PRODUCT_BUNDLE_IDENTIFIER = nwmsu.CollectionViewDemoUITests;
				PRODUCT_NAME = "$(TARGET_NAME)";
				SWIFT_EMIT_LOC_STRINGS = NO;
				SWIFT_VERSION = 5.0;
				TARGETED_DEVICE_FAMILY = "1,2";
				TEST_TARGET_NAME = CollectionViewDemo;
			};
			name = Release;
		};
/* End XCBuildConfiguration section */

/* Begin XCConfigurationList section */
		7B9DCA7C280608CC00EB401D /* Build configuration list for PBXProject "CollectionViewDemo" */ = {
			isa = XCConfigurationList;
			buildConfigurations = (
				7B9DCAA9280608CE00EB401D /* Debug */,
				7B9DCAAA280608CE00EB401D /* Release */,
			);
			defaultConfigurationIsVisible = 0;
			defaultConfigurationName = Release;
		};
		7B9DCAAB280608CE00EB401D /* Build configuration list for PBXNativeTarget "CollectionViewDemo" */ = {
			isa = XCConfigurationList;
			buildConfigurations = (
				7B9DCAAC280608CE00EB401D /* Debug */,
				7B9DCAAD280608CE00EB401D /* Release */,
			);
			defaultConfigurationIsVisible = 0;
			defaultConfigurationName = Release;
		};
		7B9DCAAE280608CE00EB401D /* Build configuration list for PBXNativeTarget "CollectionViewDemoTests" */ = {
			isa = XCConfigurationList;
			buildConfigurations = (
				7B9DCAAF280608CE00EB401D /* Debug */,
				7B9DCAB0280608CE00EB401D /* Release */,
			);
			defaultConfigurationIsVisible = 0;
			defaultConfigurationName = Release;
		};
		7B9DCAB1280608CE00EB401D /* Build configuration list for PBXNativeTarget "CollectionViewDemoUITests" */ = {
			isa = XCConfigurationList;
			buildConfigurations = (
				7B9DCAB2280608CE00EB401D /* Debug */,
				7B9DCAB3280608CE00EB401D /* Release */,
			);
			defaultConfigurationIsVisible = 0;
			defaultConfigurationName = Release;
		};
/* End XCConfigurationList section */
	};
	rootObject = 7B9DCA79280608CC00EB401D /* Project object */;
}
